
Microsoft Visual Studio Solution File, Format Version 12.00
# Visual Studio Version 17
VisualStudioVersion = 17.14.36212.18
MinimumVisualStudioVersion = 10.0.40219.1
Project("{8BC9CEB8-8B4A-11D0-8D11-00A0C91BC942}") = "Problem01-3x3RandomMatrix", "Problem01-3x3RandomMatrix\Problem01-3x3RandomMatrix.vcxproj", "{AA2575F3-6F3E-49D7-9497-6F6503B33ED5}"
EndProject
Project("{8BC9CEB8-8B4A-11D0-8D11-00A0C91BC942}") = "Problem02-SumOfEachRowOfRandomMatrix", "Problem02-SumOfEachRowOfRandomMatrix\Problem02-SumOfEachRowOfRandomMatrix.vcxproj", "{61566076-70EF-42AC-924D-7DB203C08BFE}"
EndProject
Project("{8BC9CEB8-8B4A-11D0-8D11-00A0C91BC942}") = "Problem03-SumEachRowOfMatrixV2", "Problem03-SumEachRowOfMatrixV2\Problem03-SumEachRowOfMatrixV2.vcxproj", "{5E55DC10-6AF6-4109-A6EF-5C1A8B362A68}"
EndProject
Project("{8BC9CEB8-8B4A-11D0-8D11-00A0C91BC942}") = "Problem04-SumOfColumnsInMatrix", "Problem04-SumOfColumnsInMatrix\Problem04-SumOfColumnsInMatrix.vcxproj", "{5F75DCE8-5D53-4F5E-964F-2B720484FE67}"
EndProject
Project("{8BC9CEB8-8B4A-11D0-8D11-00A0C91BC942}") = "Problem05-SumOfColumnsInMatrixV2", "Problem05-SumOfColumnsInMatrixV2\Problem05-SumOfColumnsInMatrixV2.vcxproj", "{940107E0-BE7D-4478-BAC0-14D20D09F07B}"
EndProject
Project("{8BC9CEB8-8B4A-11D0-8D11-00A0C91BC942}") = "Problem06-3x3OrderedMatrix", "Problem06-3x3OrderedMatrix\Problem06-3x3OrderedMatrix.vcxproj", "{D87F936C-0B02-41FB-AC5E-63685E77648C}"
EndProject
Project("{8BC9CEB8-8B4A-11D0-8D11-00A0C91BC942}") = "Problem07-TransposeOfMatrix", "Problem07-TransposeOfMatrix\Problem07-TransposeOfMatrix.vcxproj", "{DCFC6F0C-52B9-4FCF-8ED4-D3EA1A99C3E6}"
EndProject
Project("{8BC9CEB8-8B4A-11D0-8D11-00A0C91BC942}") = "Problem08-Multiply2RandomMatrices", "Problem08-Multiply2RandomMatrices\Problem08-Multiply2RandomMatrices.vcxproj", "{FEBB16A4-766D-4E42-8F3B-429C2E2B9B63}"
EndProject
Project("{8BC9CEB8-8B4A-11D0-8D11-00A0C91BC942}") = "Problem09-PrintMiddleRowAndColumn", "Problem09-PrintMiddleRowAndColumn\Problem09-PrintMiddleRowAndColumn.vcxproj", "{33C6F9F2-9AC2-42A0-A3D2-796553C8E3FC}"
EndProject
Project("{8BC9CEB8-8B4A-11D0-8D11-00A0C91BC942}") = "Problem10-Sum2DMatrix", "Problem10-Sum2DMatrix\Problem10-Sum2DMatrix.vcxproj", "{024BB963-16F0-413F-A1BA-69C79C0353F3}"
EndProject
Project("{8BC9CEB8-8B4A-11D0-8D11-00A0C91BC942}") = "Problem11-CheckMetricesEquality", "Problem11-CheckMetricesEquality\Problem11-CheckMetricesEquality.vcxproj", "{47036EE9-11E0-402D-9CB6-EC20050ADF5B}"
EndProject
Project("{8BC9CEB8-8B4A-11D0-8D11-00A0C91BC942}") = "Problem12-CheckMetricesIfTypical", "Problem12-CheckMetricesIfTypical\Problem12-CheckMetricesIfTypical.vcxproj", "{7FBD1E52-8517-4993-AB5E-A89C2A2BAE18}"
EndProject
Project("{8BC9CEB8-8B4A-11D0-8D11-00A0C91BC942}") = "Problem13-IdentitiyMatrix", "Problem13-IdentitiyMatrix\Problem13-IdentitiyMatrix.vcxproj", "{399802CA-C71B-4A45-97DC-C88701BB699B}"
EndProject
Project("{8BC9CEB8-8B4A-11D0-8D11-00A0C91BC942}") = "Problem14-ScalarMatrix", "Problem14-ScalarMatrix\Problem14-ScalarMatrix.vcxproj", "{60F550B3-CF35-4DEC-A601-CC00E448C1CB}"
EndProject
Project("{8BC9CEB8-8B4A-11D0-8D11-00A0C91BC942}") = "Problem15-CountNumberInMatrix", "Problem15-CountNumberInMatrix\Problem15-CountNumberInMatrix.vcxproj", "{823FC043-BE80-4404-B243-3BCDD6F6EFE9}"
EndProject
Project("{8BC9CEB8-8B4A-11D0-8D11-00A0C91BC942}") = "Problem16-SparseMatrix", "Problem16-SparseMatrix\Problem16-SparseMatrix.vcxproj", "{2E207812-021F-47D2-B7DC-D8B9DD91D90C}"
EndProject
Project("{8BC9CEB8-8B4A-11D0-8D11-00A0C91BC942}") = "Problem17-NumberExistsInMatrix", "Problem17-NumberExistsInMatrix\Problem17-NumberExistsInMatrix.vcxproj", "{7E5EF266-07B3-482A-AD81-8E37FA244B56}"
EndProject
Project("{8BC9CEB8-8B4A-11D0-8D11-00A0C91BC942}") = "Problem18-IntersectedNumberInMetrecies", "Problem18-IntersectedNumberInMetrecies\Problem18-IntersectedNumberInMetrecies.vcxproj", "{93A44D17-38FD-471B-BDAE-7E3C713A9DDE}"
EndProject
Project("{8BC9CEB8-8B4A-11D0-8D11-00A0C91BC942}") = "Problem19-FindMinMaxInMatrix", "Problem19-FindMinMaxInMatrix\Problem19-FindMinMaxInMatrix.vcxproj", "{C4FBAA49-F39B-45CB-B705-D8AD5E0C462D}"
EndProject
Project("{8BC9CEB8-8B4A-11D0-8D11-00A0C91BC942}") = "Problem20-PalindromeMatrix", "Problem20-PalindromeMatrix\Problem20-PalindromeMatrix.vcxproj", "{09D83B51-3790-417F-AD54-E38FF1BE24C8}"
EndProject
Global
	GlobalSection(SolutionConfigurationPlatforms) = preSolution
		Debug|x64 = Debug|x64
		Debug|x86 = Debug|x86
		Release|x64 = Release|x64
		Release|x86 = Release|x86
	EndGlobalSection
	GlobalSection(ProjectConfigurationPlatforms) = postSolution
		{AA2575F3-6F3E-49D7-9497-6F6503B33ED5}.Debug|x64.ActiveCfg = Debug|x64
		{AA2575F3-6F3E-49D7-9497-6F6503B33ED5}.Debug|x64.Build.0 = Debug|x64
		{AA2575F3-6F3E-49D7-9497-6F6503B33ED5}.Debug|x86.ActiveCfg = Debug|Win32
		{AA2575F3-6F3E-49D7-9497-6F6503B33ED5}.Debug|x86.Build.0 = Debug|Win32
		{AA2575F3-6F3E-49D7-9497-6F6503B33ED5}.Release|x64.ActiveCfg = Release|x64
		{AA2575F3-6F3E-49D7-9497-6F6503B33ED5}.Release|x64.Build.0 = Release|x64
		{AA2575F3-6F3E-49D7-9497-6F6503B33ED5}.Release|x86.ActiveCfg = Release|Win32
		{AA2575F3-6F3E-49D7-9497-6F6503B33ED5}.Release|x86.Build.0 = Release|Win32
		{61566076-70EF-42AC-924D-7DB203C08BFE}.Debug|x64.ActiveCfg = Debug|x64
		{61566076-70EF-42AC-924D-7DB203C08BFE}.Debug|x64.Build.0 = Debug|x64
		{61566076-70EF-42AC-924D-7DB203C08BFE}.Debug|x86.ActiveCfg = Debug|Win32
		{61566076-70EF-42AC-924D-7DB203C08BFE}.Debug|x86.Build.0 = Debug|Win32
		{61566076-70EF-42AC-924D-7DB203C08BFE}.Release|x64.ActiveCfg = Release|x64
		{61566076-70EF-42AC-924D-7DB203C08BFE}.Release|x64.Build.0 = Release|x64
		{61566076-70EF-42AC-924D-7DB203C08BFE}.Release|x86.ActiveCfg = Release|Win32
		{61566076-70EF-42AC-924D-7DB203C08BFE}.Release|x86.Build.0 = Release|Win32
		{5E55DC10-6AF6-4109-A6EF-5C1A8B362A68}.Debug|x64.ActiveCfg = Debug|x64
		{5E55DC10-6AF6-4109-A6EF-5C1A8B362A68}.Debug|x64.Build.0 = Debug|x64
		{5E55DC10-6AF6-4109-A6EF-5C1A8B362A68}.Debug|x86.ActiveCfg = Debug|Win32
		{5E55DC10-6AF6-4109-A6EF-5C1A8B362A68}.Debug|x86.Build.0 = Debug|Win32
		{5E55DC10-6AF6-4109-A6EF-5C1A8B362A68}.Release|x64.ActiveCfg = Release|x64
		{5E55DC10-6AF6-4109-A6EF-5C1A8B362A68}.Release|x64.Build.0 = Release|x64
		{5E55DC10-6AF6-4109-A6EF-5C1A8B362A68}.Release|x86.ActiveCfg = Release|Win32
		{5E55DC10-6AF6-4109-A6EF-5C1A8B362A68}.Release|x86.Build.0 = Release|Win32
		{5F75DCE8-5D53-4F5E-964F-2B720484FE67}.Debug|x64.ActiveCfg = Debug|x64
		{5F75DCE8-5D53-4F5E-964F-2B720484FE67}.Debug|x64.Build.0 = Debug|x64
		{5F75DCE8-5D53-4F5E-964F-2B720484FE67}.Debug|x86.ActiveCfg = Debug|Win32
		{5F75DCE8-5D53-4F5E-964F-2B720484FE67}.Debug|x86.Build.0 = Debug|Win32
		{5F75DCE8-5D53-4F5E-964F-2B720484FE67}.Release|x64.ActiveCfg = Release|x64
		{5F75DCE8-5D53-4F5E-964F-2B720484FE67}.Release|x64.Build.0 = Release|x64
		{5F75DCE8-5D53-4F5E-964F-2B720484FE67}.Release|x86.ActiveCfg = Release|Win32
		{5F75DCE8-5D53-4F5E-964F-2B720484FE67}.Release|x86.Build.0 = Release|Win32
		{940107E0-BE7D-4478-BAC0-14D20D09F07B}.Debug|x64.ActiveCfg = Debug|x64
		{940107E0-BE7D-4478-BAC0-14D20D09F07B}.Debug|x64.Build.0 = Debug|x64
		{940107E0-BE7D-4478-BAC0-14D20D09F07B}.Debug|x86.ActiveCfg = Debug|Win32
		{940107E0-BE7D-4478-BAC0-14D20D09F07B}.Debug|x86.Build.0 = Debug|Win32
		{940107E0-BE7D-4478-BAC0-14D20D09F07B}.Release|x64.ActiveCfg = Release|x64
		{940107E0-BE7D-4478-BAC0-14D20D09F07B}.Release|x64.Build.0 = Release|x64
		{940107E0-BE7D-4478-BAC0-14D20D09F07B}.Release|x86.ActiveCfg = Release|Win32
		{940107E0-BE7D-4478-BAC0-14D20D09F07B}.Release|x86.Build.0 = Release|Win32
		{D87F936C-0B02-41FB-AC5E-63685E77648C}.Debug|x64.ActiveCfg = Debug|x64
		{D87F936C-0B02-41FB-AC5E-63685E77648C}.Debug|x64.Build.0 = Debug|x64
		{D87F936C-0B02-41FB-AC5E-63685E77648C}.Debug|x86.ActiveCfg = Debug|Win32
		{D87F936C-0B02-41FB-AC5E-63685E77648C}.Debug|x86.Build.0 = Debug|Win32
		{D87F936C-0B02-41FB-AC5E-63685E77648C}.Release|x64.ActiveCfg = Release|x64
		{D87F936C-0B02-41FB-AC5E-63685E77648C}.Release|x64.Build.0 = Release|x64
		{D87F936C-0B02-41FB-AC5E-63685E77648C}.Release|x86.ActiveCfg = Release|Win32
		{D87F936C-0B02-41FB-AC5E-63685E77648C}.Release|x86.Build.0 = Release|Win32
		{DCFC6F0C-52B9-4FCF-8ED4-D3EA1A99C3E6}.Debug|x64.ActiveCfg = Debug|x64
		{DCFC6F0C-52B9-4FCF-8ED4-D3EA1A99C3E6}.Debug|x64.Build.0 = Debug|x64
		{DCFC6F0C-52B9-4FCF-8ED4-D3EA1A99C3E6}.Debug|x86.ActiveCfg = Debug|Win32
		{DCFC6F0C-52B9-4FCF-8ED4-D3EA1A99C3E6}.Debug|x86.Build.0 = Debug|Win32
		{DCFC6F0C-52B9-4FCF-8ED4-D3EA1A99C3E6}.Release|x64.ActiveCfg = Release|x64
		{DCFC6F0C-52B9-4FCF-8ED4-D3EA1A99C3E6}.Release|x64.Build.0 = Release|x64
		{DCFC6F0C-52B9-4FCF-8ED4-D3EA1A99C3E6}.Release|x86.ActiveCfg = Release|Win32
		{DCFC6F0C-52B9-4FCF-8ED4-D3EA1A99C3E6}.Release|x86.Build.0 = Release|Win32
		{FEBB16A4-766D-4E42-8F3B-429C2E2B9B63}.Debug|x64.ActiveCfg = Debug|x64
		{FEBB16A4-766D-4E42-8F3B-429C2E2B9B63}.Debug|x64.Build.0 = Debug|x64
		{FEBB16A4-766D-4E42-8F3B-429C2E2B9B63}.Debug|x86.ActiveCfg = Debug|Win32
		{FEBB16A4-766D-4E42-8F3B-429C2E2B9B63}.Debug|x86.Build.0 = Debug|Win32
		{FEBB16A4-766D-4E42-8F3B-429C2E2B9B63}.Release|x64.ActiveCfg = Release|x64
		{FEBB16A4-766D-4E42-8F3B-429C2E2B9B63}.Release|x64.Build.0 = Release|x64
		{FEBB16A4-766D-4E42-8F3B-429C2E2B9B63}.Release|x86.ActiveCfg = Release|Win32
		{FEBB16A4-766D-4E42-8F3B-429C2E2B9B63}.Release|x86.Build.0 = Release|Win32
		{33C6F9F2-9AC2-42A0-A3D2-796553C8E3FC}.Debug|x64.ActiveCfg = Debug|x64
		{33C6F9F2-9AC2-42A0-A3D2-796553C8E3FC}.Debug|x64.Build.0 = Debug|x64
		{33C6F9F2-9AC2-42A0-A3D2-796553C8E3FC}.Debug|x86.ActiveCfg = Debug|Win32
		{33C6F9F2-9AC2-42A0-A3D2-796553C8E3FC}.Debug|x86.Build.0 = Debug|Win32
		{33C6F9F2-9AC2-42A0-A3D2-796553C8E3FC}.Release|x64.ActiveCfg = Release|x64
		{33C6F9F2-9AC2-42A0-A3D2-796553C8E3FC}.Release|x64.Build.0 = Release|x64
		{33C6F9F2-9AC2-42A0-A3D2-796553C8E3FC}.Release|x86.ActiveCfg = Release|Win32
		{33C6F9F2-9AC2-42A0-A3D2-796553C8E3FC}.Release|x86.Build.0 = Release|Win32
		{024BB963-16F0-413F-A1BA-69C79C0353F3}.Debug|x64.ActiveCfg = Debug|x64
		{024BB963-16F0-413F-A1BA-69C79C0353F3}.Debug|x64.Build.0 = Debug|x64
		{024BB963-16F0-413F-A1BA-69C79C0353F3}.Debug|x86.ActiveCfg = Debug|Win32
		{024BB963-16F0-413F-A1BA-69C79C0353F3}.Debug|x86.Build.0 = Debug|Win32
		{024BB963-16F0-413F-A1BA-69C79C0353F3}.Release|x64.ActiveCfg = Release|x64
		{024BB963-16F0-413F-A1BA-69C79C0353F3}.Release|x64.Build.0 = Release|x64
		{024BB963-16F0-413F-A1BA-69C79C0353F3}.Release|x86.ActiveCfg = Release|Win32
		{024BB963-16F0-413F-A1BA-69C79C0353F3}.Release|x86.Build.0 = Release|Win32
		{47036EE9-11E0-402D-9CB6-EC20050ADF5B}.Debug|x64.ActiveCfg = Debug|x64
		{47036EE9-11E0-402D-9CB6-EC20050ADF5B}.Debug|x64.Build.0 = Debug|x64
		{47036EE9-11E0-402D-9CB6-EC20050ADF5B}.Debug|x86.ActiveCfg = Debug|Win32
		{47036EE9-11E0-402D-9CB6-EC20050ADF5B}.Debug|x86.Build.0 = Debug|Win32
		{47036EE9-11E0-402D-9CB6-EC20050ADF5B}.Release|x64.ActiveCfg = Release|x64
		{47036EE9-11E0-402D-9CB6-EC20050ADF5B}.Release|x64.Build.0 = Release|x64
		{47036EE9-11E0-402D-9CB6-EC20050ADF5B}.Release|x86.ActiveCfg = Release|Win32
		{47036EE9-11E0-402D-9CB6-EC20050ADF5B}.Release|x86.Build.0 = Release|Win32
		{7FBD1E52-8517-4993-AB5E-A89C2A2BAE18}.Debug|x64.ActiveCfg = Debug|x64
		{7FBD1E52-8517-4993-AB5E-A89C2A2BAE18}.Debug|x64.Build.0 = Debug|x64
		{7FBD1E52-8517-4993-AB5E-A89C2A2BAE18}.Debug|x86.ActiveCfg = Debug|Win32
		{7FBD1E52-8517-4993-AB5E-A89C2A2BAE18}.Debug|x86.Build.0 = Debug|Win32
		{7FBD1E52-8517-4993-AB5E-A89C2A2BAE18}.Release|x64.ActiveCfg = Release|x64
		{7FBD1E52-8517-4993-AB5E-A89C2A2BAE18}.Release|x64.Build.0 = Release|x64
		{7FBD1E52-8517-4993-AB5E-A89C2A2BAE18}.Release|x86.ActiveCfg = Release|Win32
		{7FBD1E52-8517-4993-AB5E-A89C2A2BAE18}.Release|x86.Build.0 = Release|Win32
		{399802CA-C71B-4A45-97DC-C88701BB699B}.Debug|x64.ActiveCfg = Debug|x64
		{399802CA-C71B-4A45-97DC-C88701BB699B}.Debug|x64.Build.0 = Debug|x64
		{399802CA-C71B-4A45-97DC-C88701BB699B}.Debug|x86.ActiveCfg = Debug|Win32
		{399802CA-C71B-4A45-97DC-C88701BB699B}.Debug|x86.Build.0 = Debug|Win32
		{399802CA-C71B-4A45-97DC-C88701BB699B}.Release|x64.ActiveCfg = Release|x64
		{399802CA-C71B-4A45-97DC-C88701BB699B}.Release|x64.Build.0 = Release|x64
		{399802CA-C71B-4A45-97DC-C88701BB699B}.Release|x86.ActiveCfg = Release|Win32
		{399802CA-C71B-4A45-97DC-C88701BB699B}.Release|x86.Build.0 = Release|Win32
		{60F550B3-CF35-4DEC-A601-CC00E448C1CB}.Debug|x64.ActiveCfg = Debug|x64
		{60F550B3-CF35-4DEC-A601-CC00E448C1CB}.Debug|x64.Build.0 = Debug|x64
		{60F550B3-CF35-4DEC-A601-CC00E448C1CB}.Debug|x86.ActiveCfg = Debug|Win32
		{60F550B3-CF35-4DEC-A601-CC00E448C1CB}.Debug|x86.Build.0 = Debug|Win32
		{60F550B3-CF35-4DEC-A601-CC00E448C1CB}.Release|x64.ActiveCfg = Release|x64
		{60F550B3-CF35-4DEC-A601-CC00E448C1CB}.Release|x64.Build.0 = Release|x64
		{60F550B3-CF35-4DEC-A601-CC00E448C1CB}.Release|x86.ActiveCfg = Release|Win32
		{60F550B3-CF35-4DEC-A601-CC00E448C1CB}.Release|x86.Build.0 = Release|Win32
		{823FC043-BE80-4404-B243-3BCDD6F6EFE9}.Debug|x64.ActiveCfg = Debug|x64
		{823FC043-BE80-4404-B243-3BCDD6F6EFE9}.Debug|x64.Build.0 = Debug|x64
		{823FC043-BE80-4404-B243-3BCDD6F6EFE9}.Debug|x86.ActiveCfg = Debug|Win32
		{823FC043-BE80-4404-B243-3BCDD6F6EFE9}.Debug|x86.Build.0 = Debug|Win32
		{823FC043-BE80-4404-B243-3BCDD6F6EFE9}.Release|x64.ActiveCfg = Release|x64
		{823FC043-BE80-4404-B243-3BCDD6F6EFE9}.Release|x64.Build.0 = Release|x64
		{823FC043-BE80-4404-B243-3BCDD6F6EFE9}.Release|x86.ActiveCfg = Release|Win32
		{823FC043-BE80-4404-B243-3BCDD6F6EFE9}.Release|x86.Build.0 = Release|Win32
		{2E207812-021F-47D2-B7DC-D8B9DD91D90C}.Debug|x64.ActiveCfg = Debug|x64
		{2E207812-021F-47D2-B7DC-D8B9DD91D90C}.Debug|x64.Build.0 = Debug|x64
		{2E207812-021F-47D2-B7DC-D8B9DD91D90C}.Debug|x86.ActiveCfg = Debug|Win32
		{2E207812-021F-47D2-B7DC-D8B9DD91D90C}.Debug|x86.Build.0 = Debug|Win32
		{2E207812-021F-47D2-B7DC-D8B9DD91D90C}.Release|x64.ActiveCfg = Release|x64
		{2E207812-021F-47D2-B7DC-D8B9DD91D90C}.Release|x64.Build.0 = Release|x64
		{2E207812-021F-47D2-B7DC-D8B9DD91D90C}.Release|x86.ActiveCfg = Release|Win32
		{2E207812-021F-47D2-B7DC-D8B9DD91D90C}.Release|x86.Build.0 = Release|Win32
		{7E5EF266-07B3-482A-AD81-8E37FA244B56}.Debug|x64.ActiveCfg = Debug|x64
		{7E5EF266-07B3-482A-AD81-8E37FA244B56}.Debug|x64.Build.0 = Debug|x64
		{7E5EF266-07B3-482A-AD81-8E37FA244B56}.Debug|x86.ActiveCfg = Debug|Win32
		{7E5EF266-07B3-482A-AD81-8E37FA244B56}.Debug|x86.Build.0 = Debug|Win32
		{7E5EF266-07B3-482A-AD81-8E37FA244B56}.Release|x64.ActiveCfg = Release|x64
		{7E5EF266-07B3-482A-AD81-8E37FA244B56}.Release|x64.Build.0 = Release|x64
		{7E5EF266-07B3-482A-AD81-8E37FA244B56}.Release|x86.ActiveCfg = Release|Win32
		{7E5EF266-07B3-482A-AD81-8E37FA244B56}.Release|x86.Build.0 = Release|Win32
		{93A44D17-38FD-471B-BDAE-7E3C713A9DDE}.Debug|x64.ActiveCfg = Debug|x64
		{93A44D17-38FD-471B-BDAE-7E3C713A9DDE}.Debug|x64.Build.0 = Debug|x64
		{93A44D17-38FD-471B-BDAE-7E3C713A9DDE}.Debug|x86.ActiveCfg = Debug|Win32
		{93A44D17-38FD-471B-BDAE-7E3C713A9DDE}.Debug|x86.Build.0 = Debug|Win32
		{93A44D17-38FD-471B-BDAE-7E3C713A9DDE}.Release|x64.ActiveCfg = Release|x64
		{93A44D17-38FD-471B-BDAE-7E3C713A9DDE}.Release|x64.Build.0 = Release|x64
		{93A44D17-38FD-471B-BDAE-7E3C713A9DDE}.Release|x86.ActiveCfg = Release|Win32
		{93A44D17-38FD-471B-BDAE-7E3C713A9DDE}.Release|x86.Build.0 = Release|Win32
		{C4FBAA49-F39B-45CB-B705-D8AD5E0C462D}.Debug|x64.ActiveCfg = Debug|x64
		{C4FBAA49-F39B-45CB-B705-D8AD5E0C462D}.Debug|x64.Build.0 = Debug|x64
		{C4FBAA49-F39B-45CB-B705-D8AD5E0C462D}.Debug|x86.ActiveCfg = Debug|Win32
		{C4FBAA49-F39B-45CB-B705-D8AD5E0C462D}.Debug|x86.Build.0 = Debug|Win32
		{C4FBAA49-F39B-45CB-B705-D8AD5E0C462D}.Release|x64.ActiveCfg = Release|x64
		{C4FBAA49-F39B-45CB-B705-D8AD5E0C462D}.Release|x64.Build.0 = Release|x64
		{C4FBAA49-F39B-45CB-B705-D8AD5E0C462D}.Release|x86.ActiveCfg = Release|Win32
		{C4FBAA49-F39B-45CB-B705-D8AD5E0C462D}.Release|x86.Build.0 = Release|Win32
		{09D83B51-3790-417F-AD54-E38FF1BE24C8}.Debug|x64.ActiveCfg = Debug|x64
		{09D83B51-3790-417F-AD54-E38FF1BE24C8}.Debug|x64.Build.0 = Debug|x64
		{09D83B51-3790-417F-AD54-E38FF1BE24C8}.Debug|x86.ActiveCfg = Debug|Win32
		{09D83B51-3790-417F-AD54-E38FF1BE24C8}.Debug|x86.Build.0 = Debug|Win32
		{09D83B51-3790-417F-AD54-E38FF1BE24C8}.Release|x64.ActiveCfg = Release|x64
		{09D83B51-3790-417F-AD54-E38FF1BE24C8}.Release|x64.Build.0 = Release|x64
		{09D83B51-3790-417F-AD54-E38FF1BE24C8}.Release|x86.ActiveCfg = Release|Win32
		{09D83B51-3790-417F-AD54-E38FF1BE24C8}.Release|x86.Build.0 = Release|Win32
	EndGlobalSection
	GlobalSection(SolutionProperties) = preSolution
		HideSolutionNode = FALSE
	EndGlobalSection
	GlobalSection(ExtensibilityGlobals) = postSolution
		SolutionGuid = {010216D7-A76D-4EC1-B0E6-5C8C6DBE4A84}
	EndGlobalSection
EndGlobal
